version = 1
revision = 3
requires-python = ">=3.10"

[[package]]
name = "dnspython"
version = "2.8.0"
source = { registry = "https://pypi.org/simple" }
sdist = { url = "https://files.pythonhosted.org/packages/8c/8b/57666417c0f90f08bcafa776861060426765fdb422eb10212086fb811d26/dnspython-2.8.0.tar.gz", hash = "sha256:181d3c6996452cb1189c4046c61599b84a5a86e099562ffde77d26984ff26d0f", size = 368251, upload-time = "2025-09-07T18:58:00.022Z" }
wheels = [
    { url = "https://files.pythonhosted.org/packages/ba/5a/18ad964b0086c6e62e2e7500f7edc89e3faa45033c71c1893d34eed2b2de/dnspython-2.8.0-py3-none-any.whl", hash = "sha256:01d9bbc4a2d76bf0db7c1f729812ded6d912bd318d3b1cf81d30c0f845dbf3af", size = 331094, upload-time = "2025-09-07T18:57:58.071Z" },
]

[[package]]
name = "pymongo"
version = "4.17.0"
source = { registry = "https://pypi.org/simple" }
dependencies = [
    { name = "dnspython" },
]
sdist = { url = "https://files.pythonhosted.org/packages/ca/64/50be6fbac9c79fe2e4c17401a467da2d8764d82833d83cec325afe5cab32/pymongo-4.17.0.tar.gz", hash = "sha256:70ffa08ba641468cc068cf46c06b34f01a8ce3489f6411309fcb5ceabe6b2fc0", size = 2523370, upload-time = "2026-04-20T16:39:53.524Z" }
wheels = [
    { url = "https://files.pythonhosted.org/packages/c9/77/28ebbf69772a4341d530831c7a006cdb06877ac23075cb53b0a227df4fe1/pymongo-4.17.0-cp310-cp310-macosx_10_9_x86_64.whl", hash = "sha256:47b021363cd923ace5edc7a1d63c0ff8a6d9d43859b8a1ba23645f5afae63221", size = 819234, upload-time = "2026-04-20T16:37:20.888Z" },
    { url = "https://files.pythonhosted.org/packages/88/cf/5a70cee503ff9a2fea20607607f14d189f4d975960ac0945ec306ee7b695/pymongo-4.17.0-cp310-cp310-macosx_11_0_arm64.whl", hash = "sha256:422fa50d7d7f5c22ea0953554396c9ef95684a2d775f860bd75a7b510538dfca", size = 819969, upload-time = "2026-04-20T16:37:24.187Z" },
    { url = "https://files.pythonhosted.org/packages/23/d5/07b7e27e662c58d872efd104a0e8055eb6569aa1b6d4da436f3fdee7f897/pymongo-4.17.0-cp310-cp310-manylinux1_i686.manylinux_2_28_i686.manylinux_2_5_i686.whl", hash = "sha256:addd0498ebbdc6354227f6ed457ed9fce442d48a3bb30d5b5bad33e104996561", size = 1244510, upload-time = "2026-04-20T16:37:26.069Z" },
    { url = "https://files.pythonhosted.org/packages/fb/be/7cac5b1e89bd5a8e395067648241390321593a7c29243e36f91343c02a90/pymongo-4.17.0-cp310-cp310-manylinux2014_aarch64.manylinux_2_17_aarch64.manylinux_2_28_aarch64.whl", hash = "sha256:c5c8e180cb2cabe37300e1e36c60aa4f2ff956cc579f0142135a5d2cba252243", size = 1263245, upload-time = "2026-04-20T16:37:28.003Z" },
    { url = "https://files.pythonhosted.org/packages/2e/20/40e8e99824c1fda18261411e65ce3b0cd3d9a6ed3c056cdd0a569adc870b/pymongo-4.17.0-cp310-cp310-manylinux2014_ppc64le.manylinux_2_17_ppc64le.manylinux_2_28_ppc64le.whl", hash = "sha256:bd835cdb37a1adec359dd072c24f8bb14809e2644fde86fab4ee2fc9719b9483", size = 1304113, upload-time = "2026-04-20T16:37:30.048Z" },
    { url = "https://files.pythonhosted.org/packages/3a/94/fb7e25441dd66f2069a9b172380849b0eaa5881c18b3db217bf64a6d393c/pymongo-4.17.0-cp310-cp310-manylinux2014_s390x.manylinux_2_17_s390x.manylinux_2_28_s390x.whl", hash = "sha256:c4979e7e8887862bbb44d203f00cc8263a3f27237876fa691b6beba23e40e6d8", size = 1297046, upload-time = "2026-04-20T16:37:32.054Z" },
    { url = "https://files.pythonhosted.org/packages/4f/c9/7352e0c20fe772541556e4d283c05e07ec48f8b0d2737ad930ac4a1b6655/pymongo-4.17.0-cp310-cp310-manylinux2014_x86_64.manylinux_2_17_x86_64.manylinux_2_28_x86_64.whl", hash = "sha256:77aa4bc164b4de60d5db193b322f0f5b6ead716e831031bfdef8e8bd92205556", size = 1265708, upload-time = "2026-04-20T16:37:33.934Z" },
    { url = "https://files.pythonhosted.org/packages/8d/e4/3df15494c2015ed297958517f0e4f6493e21b00990748068a973e66d45e0/pymongo-4.17.0-cp310-cp310-win32.whl", hash = "sha256:48bbc576677b50af043df870d84ded67cc3a9b4aa7553201beef4da5dc050a0a", size = 805533, upload-time = "2026-04-20T16:37:35.744Z" },
    { url = "https://files.pythonhosted.org/packages/22/fa/b4e71bb8cb82ad7d21bb4e8c476f2d573ba68b20368aac36ef06e4a196b4/pymongo-4.17.0-cp310-cp310-win_amd64.whl", hash = "sha256:e46767f28dea610e02edf6c5d956ce615c3c7790ea396660b9b1efd5c5ead2e0", size = 815677, upload-time = "2026-04-20T16:37:37.808Z" },
    { url = "https://files.pythonhosted.org/packages/22/e2/0a4bba644f1cda3970ea1012149eeae3594ebfeed3f81fdaf32b61d90c95/pymongo-4.17.0-cp310-cp310-win_arm64.whl", hash = "sha256:757f2a4c0c2c46cab87df0333681ce69e86c9d5b45bc5203ceba5410b3489e59", size = 807293, upload-time = "2026-04-20T16:37:39.707Z" },
    { url = "https://files.pythonhosted.org/packages/c4/e2/336d86f221cf1b56b2ed9330d4a3b98f9f38f0b37829ae9a9184617d5419/pymongo-4.17.0-cp311-cp311-macosx_10_9_x86_64.whl", hash = "sha256:4141e6c6a339789b2974efa00ecd9409101672d77a0e3ee2cc3839eedf8ec4df", size = 874668, upload-time = "2026-04-20T16:37:41.39Z" },
    { url = "https://files.pythonhosted.org/packages/34/8e/75d3c6c935d187ab59c61e9c15d9aab3f274b563eaf1706e8cae5f508dec/pymongo-4.17.0-cp311-cp311-macosx_11_0_arm64.whl", hash = "sha256:e68c76b84e0c132d9dbf9307f12ff8185702328187a87b9aca8c941303873433", size = 875294, upload-time = "2026-04-20T16:37:43.432Z" },
    { url = "https://files.pythonhosted.org/packages/5f/ec/62e855744489dbcd54fd778aae4d80fa4c4819e8fb228ca0cf6f21a03997/pymongo-4.17.0-cp311-cp311-manylinux1_i686.manylinux_2_28_i686.manylinux_2_5_i686.whl", hash = "sha256:ba2195d4f386f839a52a23ea1cfd60ffaaba78a3d7841db51b7e433001139918", size = 1496233, upload-time = "2026-04-20T16:37:45.518Z" },
    { url = "https://files.pythonhosted.org/packages/82/e8/93e4e5e5ce8fdf8929dabeefe24aafa5ce046028eed0dfa8eeb936e72c49/pymongo-4.17.0-cp311-cp311-manylinux2014_aarch64.manylinux_2_17_aarch64.manylinux_2_28_aarch64.whl", hash = "sha256:8446ff4bfcb6ec2a2e50998c860986a1e992136f998b7f53e7a717fb8aa5a0b9", size = 1522927, upload-time = "2026-04-20T16:37:47.492Z" },
    { url = "https://files.pythonhosted.org/packages/f7/ca/425dc1d21e0f17bdea0072fc463f662f7fa06d2852af52975c9eced3c07c/pymongo-4.17.0-cp311-cp311-manylinux2014_ppc64le.manylinux_2_17_ppc64le.manylinux_2_28_ppc64le.whl", hash = "sha256:2a0d5ac205728c86e0a02192f1aa5f865b0d7d51f8df6101c01a69a7fc620d72", size = 1583468, upload-time = "2026-04-20T16:37:49.221Z" },
    { url = "https://files.pythonhosted.org/packages/b3/9d/f08b07eeffda1a43c1759f0fa625e88ae12360996eb56d42aad832fa7dff/pymongo-4.17.0-cp311-cp311-manylinux2014_s390x.manylinux_2_17_s390x.manylinux_2_28_s390x.whl", hash = "sha256:485c8a8eaa4c739f00a331fc73757898ee7c092c214a79e63866ff76aaf282ff", size = 1572787, upload-time = "2026-04-20T16:37:51.061Z" },
    { url = "https://files.pythonhosted.org/packages/e9/c2/6855a07aafa7b894929af23675b6fb9634800ce43122b76a62f6eeb8da2a/pymongo-4.17.0-cp311-cp311-manylinux2014_x86_64.manylinux_2_17_x86_64.manylinux_2_28_x86_64.whl", hash = "sha256:b2dfcc795f5b9fedbe179a11fdf6051581479d196582a3fe819a92a00e9b9969", size = 1526184, upload-time = "2026-04-20T16:37:53.358Z" },
    { url = "https://files.pythonhosted.org/packages/4e/05/c952bac7db71c1942ea3559fcd308b49754cc5004b455935fb4000d1f37b/pymongo-4.17.0-cp311-cp311-win32.whl", hash = "sha256:c2292144505fb12156b981bd440f3dc994a883da06ac726c0c8692ccdbc1c510", size = 852621, upload-time = "2026-04-20T16:37:55.28Z" },
    { url = "https://files.pythonhosted.org/packages/11/c0/c04da9f4c0c6252404598f4e394b862a58a9e866822a70ae261c8a018fdf/pymongo-4.17.0-cp311-cp311-win_amd64.whl", hash = "sha256:2e190827834fce70ecdf9d46796c6dbc0ce08ea87dc2ff5bc6f3f5579b605cb9", size = 867852, upload-time = "2026-04-20T16:37:57.233Z" },
    { url = "https://files.pythonhosted.org/packages/1d/b2/c7b4870fbeef471e947d3e014676f5910d02e0197074d692ebcf24ec049a/pymongo-4.17.0-cp311-cp311-win_arm64.whl", hash = "sha256:a8f9c40a09bb7d4b9fc8b1da65ecf6efa79bda5cb2756f39d9b6940fac1d19ae", size = 855019, upload-time = "2026-04-20T16:37:58.983Z" },
    { url = "https://files.pythonhosted.org/packages/98/90/60bcb508840135d5ee46b51b1a950f548338aa8145a8366dbe6639ae51ac/pymongo-4.17.0-cp312-cp312-macosx_10_13_x86_64.whl", hash = "sha256:d53ffa94b2340dbf6b055e09a0090618c60482c158ecfc9565642fc996bf0944", size = 930529, upload-time = "2026-04-20T16:38:00.936Z" },
    { url = "https://files.pythonhosted.org/packages/a6/e9/313840f1e52c6dfac47f704428cbfbce59956ebe7633bffc92b03f74f0ad/pymongo-4.17.0-cp312-cp312-macosx_11_0_arm64.whl", hash = "sha256:6fe0de9d0f6791abce3471230b32b4817bf89d27b1182b6a550e1ec0fa72aa9a", size = 930665, upload-time = "2026-04-20T16:38:02.915Z" },
    { url = "https://files.pythonhosted.org/packages/78/35/9d3565ea45b1606f635c1e2cd2563c28d66caafdc50f7ad7d979fcd1b363/pymongo-4.17.0-cp312-cp312-manylinux1_i686.manylinux_2_28_i686.manylinux_2_5_i686.whl", hash = "sha256:e537e95514dae1aaa718f481ec03151a0f0394bcd05f1322896d8fc1330cb729", size = 1762369, upload-time = "2026-04-20T16:38:05.375Z" },
    { url = "https://files.pythonhosted.org/packages/95/ee/149b0d4b1a11c38bff6f14c23d5814c9b0843fd6dc38ad40596bdb1a62d2/pymongo-4.17.0-cp312-cp312-manylinux2014_aarch64.manylinux_2_17_aarch64.manylinux_2_28_aarch64.whl", hash = "sha256:37a8385c29881b43eab31f584100fa0eaddedd5607adf010147ba1810118be90", size = 1798044, upload-time = "2026-04-20T16:38:07.195Z" },
    { url = "https://files.pythonhosted.org/packages/7b/d4/4cee4a7b8d8f6f0550ef6cd2fea42455c5ed619a220cb6ba4fb40d6a5bc8/pymongo-4.17.0-cp312-cp312-manylinux2014_ppc64le.manylinux_2_17_ppc64le.manylinux_2_28_ppc64le.whl", hash = "sha256:f3ee3d241ed77a4fc99ce3cff3b289c3ebce37f61fdd7349d3592c23b82c8784", size = 1878567, upload-time = "2026-04-20T16:38:09.121Z" },
    { url = "https://files.pythonhosted.org/packages/45/ef/7fe366c84952619ee2f69973566c214775e083dd4df465751912153e4b72/pymongo-4.17.0-cp312-cp312-manylinux2014_s390x.manylinux_2_17_s390x.manylinux_2_28_s390x.whl", hash = "sha256:9eb5d63a3c518cb0804ed678f5e2b875af032d89a7cf57a57360322cf6a4d222", size = 1864881, upload-time = "2026-04-20T16:38:10.896Z" },
    { url = "https://files.pythonhosted.org/packages/2f/35/b577d82c6d1be7aee7ac7e249bc86f7847998345042e5f8360de238e177b/pymongo-4.17.0-cp312-cp312-manylinux2014_x86_64.manylinux_2_17_x86_64.manylinux_2_28_x86_64.whl", hash = "sha256:8e97e03fa13327c87e3fdc5656acd01e71817f0c1dc3221cd8f30de136bf4ec3", size = 1800349, upload-time = "2026-04-20T16:38:13.589Z" },
    { url = "https://files.pythonhosted.org/packages/b8/69/dafcf04f66e130ddd91aeb92e7a692480eda46dcd04ec1dbe82c06619e10/pymongo-4.17.0-cp312-cp312-win32.whl", hash = "sha256:6877214bff5f06f6884a9fc8d9016a4a7a5f51f537f5c51ac3a576f93e7dfb32", size = 900518, upload-time = "2026-04-20T16:38:15.541Z" },
    { url = "https://files.pythonhosted.org/packages/11/35/5c9262a459f988b4eb2605f70815240b77a0d4131136c4326d18f1822b89/pymongo-4.17.0-cp312-cp312-win_amd64.whl", hash = "sha256:9828485f72f63c7d802e0ec41f71906f633c2692621ab3af55ca990186b091b1", size = 920335, upload-time = "2026-04-20T16:38:17.665Z" },
    { url = "https://files.pythonhosted.org/packages/8d/da/e9c7265ee176faccf4e52c4797837e794d93569a1046f6b19a4acc36e5ad/pymongo-4.17.0-cp312-cp312-win_arm64.whl", hash = "sha256:1195370a77baf003b59b10e91ecc4706297197f0dd9d29c840cc556dc08f7cee", size = 903289, upload-time = "2026-04-20T16:38:19.33Z" },
    { url = "https://files.pythonhosted.org/packages/2a/6b/c1206879708b94e82fcd8b9653440ec271f79a3674d122192df383047f5a/pymongo-4.17.0-cp313-cp313-macosx_10_13_x86_64.whl", hash = "sha256:809ec74de3b9148ae43fa8df9faf53470f511c8d384f13b99d6f671f2a379f15", size = 985829, upload-time = "2026-04-20T16:38:21.031Z" },
    { url = "https://files.pythonhosted.org/packages/cb/cf/bb044ed85160e5c40f568c7c4f4e8ea16f40764ff5d302e5befbe8f6f814/pymongo-4.17.0-cp313-cp313-macosx_11_0_arm64.whl", hash = "sha256:a431b737816bf4cddd4fa0fcef04e424ad36b7692734a64150f872fb8f3208be", size = 985899, upload-time = "2026-04-20T16:38:23.409Z" },
    { url = "https://files.pythonhosted.org/packages/74/0a/f6dfd5ea3901e5d6888da8de8ba728971a1d447debab681cfc56f90d1208/pymongo-4.17.0-cp313-cp313-manylinux1_i686.manylinux_2_28_i686.manylinux_2_5_i686.whl", hash = "sha256:e4fab10f8403169ce92f3cea921609d9ee81107306caae06c08f592d4b8ad2b5", size = 2028569, upload-time = "2026-04-20T16:38:25.343Z" },
    { url = "https://files.pythonhosted.org/packages/4a/c5/081f59a1c02ae8c0dc73ae58e563838c44eec81aeafa7d0b93a637841c9b/pymongo-4.17.0-cp313-cp313-manylinux2014_aarch64.manylinux_2_17_aarch64.manylinux_2_28_aarch64.whl", hash = "sha256:20323b0b1c1d33770ad1fc68d429c757734ce9ad3594421c3d6618f10572b1b9", size = 2072916, upload-time = "2026-04-20T16:38:27.291Z" },
    { url = "https://files.pythonhosted.org/packages/31/42/6e41d434297ffe8b30d9c3717916591a4a7be9075a0dcc2fafdfaaaa62ed/pymongo-4.17.0-cp313-cp313-manylinux2014_ppc64le.manylinux_2_17_ppc64le.manylinux_2_28_ppc64le.whl", hash = "sha256:5a5de048e6da5c18e27cc2437e8c15b3b0cdc8385c15b41178b0caa3322a09c2", size = 2173234, upload-time = "2026-04-20T16:38:29.474Z" },
    { url = "https://files.pythonhosted.org/packages/3d/cf/1e4a7db352ef9485831c7268dfe8402f0117b32a9ad54b16e810699e3617/pymongo-4.17.0-cp313-cp313-manylinux2014_s390x.manylinux_2_17_s390x.manylinux_2_28_s390x.whl", hash = "sha256:dff3de1294fbbc1db0ba6b511f77b8e540601d092538a31312e99c8a91a78b1e", size = 2156784, upload-time = "2026-04-20T16:38:32.134Z" },
    { url = "https://files.pythonhosted.org/packages/12/10/6195be29962a61ebb5f4bd9e4c7519890b172f7968a0a0d880398c6ddb02/pymongo-4.17.0-cp313-cp313-manylinux2014_x86_64.manylinux_2_17_x86_64.manylinux_2_28_x86_64.whl", hash = "sha256:faf03e4c2aafd6de626dbd30ba246d369ae33f47f10629d1bbe40f72115027a6", size = 2074446, upload-time = "2026-04-20T16:38:34.004Z" },
    { url = "https://files.pythonhosted.org/packages/37/48/33410b8819837ed370c738587306bdf060b59cef11823be212f4a07703c5/pymongo-4.17.0-cp313-cp313-win32.whl", hash = "sha256:c9786665926a09630c5d420c79762cfadbff35a9438bcbc4c81a9fb5ab9228b7", size = 948435, upload-time = "2026-04-20T16:38:35.922Z" },
    { url = "https://files.pythonhosted.org/packages/6f/77/c0ed522f798a286b99acaa7914ed8d9c80ab091f97f57c59ffed72906e5e/pymongo-4.17.0-cp313-cp313-win_amd64.whl", hash = "sha256:5960519b4d7168f1ecdd3ea10c81b2aedeb9423651aca953cfbc8e76705d3b38", size = 972847, upload-time = "2026-04-20T16:38:37.888Z" },
    { url = "https://files.pythonhosted.org/packages/97/f0/c39480a2db385fde23861d0c8acda41cdaf1d43e46579db72c5c013a2e81/pymongo-4.17.0-cp313-cp313-win_arm64.whl", hash = "sha256:0ff6bd2f735ab5356541e3e57d5b7dbfbc3f2ee1ccb10b6b0f82d58af69d1d8e", size = 951575, upload-time = "2026-04-20T16:38:40.544Z" },
    { url = "https://files.pythonhosted.org/packages/da/49/2b0250762a89737ed6f9cea238331baca061b89a8ddd10dd17fee52c3970/pymongo-4.17.0-cp314-cp314-macosx_10_15_x86_64.whl", hash = "sha256:ff5aa3f1c7e3f08eb0e7a016c91ba468b1850ccfd63d9b1f12f56350f4974cef", size = 1040945, upload-time = "2026-04-20T16:38:42.783Z" },
    { url = "https://files.pythonhosted.org/packages/89/1c/7a9b5447a08be20e84b6e5b17330917e8d6d9507daa3cd099a9309f11ad7/pymongo-4.17.0-cp314-cp314-macosx_11_0_arm64.whl", hash = "sha256:e816db649ba5d7de0568cf3a9f287a9dc9aad21cf0ca667ab156a7ef47fca0b0", size = 1041187, upload-time = "2026-04-20T16:38:45.358Z" },
    { url = "https://files.pythonhosted.org/packages/78/a1/71704f61632dfc90407a5834fe5f6132854937c4a3648f6c05c351d85a45/pymongo-4.17.0-cp314-cp314-manylinux1_i686.manylinux_2_28_i686.manylinux_2_5_i686.whl", hash = "sha256:12c4fded3a9f1d6a687e36ebd384ac6d00b9b00de1969aa74048e7051ec2a713", size = 2294806, upload-time = "2026-04-20T16:38:47.734Z" },
    { url = "https://files.pythonhosted.org/packages/ad/b9/aff42be75108b96c2469b1d9329b912c15108f3e7ef32fdc86da8423c330/pymongo-4.17.0-cp314-cp314-manylinux2014_aarch64.manylinux_2_17_aarch64.manylinux_2_28_aarch64.whl", hash = "sha256:2db66aa8dd253a0fc1fad3b0d23d5b3993f7ebde02fbbd7727128debf2853675", size = 2348231, upload-time = "2026-04-20T16:38:50.371Z" },
    { url = "https://files.pythonhosted.org/packages/f2/30/44c115b8ba1479942c15fd9480eb29a7da0ba68acd56983423ba0deb4a94/pymongo-4.17.0-cp314-cp314-manylinux2014_ppc64le.manylinux_2_17_ppc64le.manylinux_2_28_ppc64le.whl", hash = "sha256:3987e96e7c7be4083d42e8ac2cc6c0d5b78db9973c90fce42ae800b616ca6b20", size = 2467614, upload-time = "2026-04-20T16:38:52.665Z" },
    { url = "https://files.pythonhosted.org/packages/d2/84/21ee95c8bf0ca7acae7ec7eb365d740bf8fc0156c194baf2c3bdfcb85ec0/pymongo-4.17.0-cp314-cp314-manylinux2014_s390x.manylinux_2_17_s390x.manylinux_2_28_s390x.whl", hash = "sha256:cee36b3c0d0354f880fa7a7fdcdaf2bb5e542c2281e25c1bfadf8cfe21eba7d2", size = 2445970, upload-time = "2026-04-20T16:38:55.175Z" },
    { url = "https://files.pythonhosted.org/packages/06/89/081d7f1809d5ca09d1e47e49f2111b245f5694de3a7af32cd3a353a6f43f/pymongo-4.17.0-cp314-cp314-manylinux2014_x86_64.manylinux_2_17_x86_64.manylinux_2_28_x86_64.whl", hash = "sha256:320b34457b20bbcc79997801f95d25ce00472915ca5241167242b42c4359e027", size = 2348605, upload-time = "2026-04-20T16:38:57.557Z" },
    { url = "https://files.pythonhosted.org/packages/ea/c3/0d949f9d3f2a341c1f635c398c16615e96f89f51ff424ed81e914cf1a4de/pymongo-4.17.0-cp314-cp314-win32.whl", hash = "sha256:df4a644af9ae132d4bfdb2e9516ea51a615fd881caddfbfbd071cf1354844479", size = 1004119, upload-time = "2026-04-20T16:39:00.309Z" },
    { url = "https://files.pythonhosted.org/packages/f7/55/5c3a3db1048054c695c75c5964cc8bedc2247fdb5a75ef6fab4ec8bb013e/pymongo-4.17.0-cp314-cp314-win_amd64.whl", hash = "sha256:c797f8a80957134f6dd9690367a0f8f5906d672119af2c6aa55f0c527b656bed", size = 1032314, upload-time = "2026-04-20T16:39:02.665Z" },
    { url = "https://files.pythonhosted.org/packages/e0/19/e235f39906134cb0ffd5574c5a59c355ef5380f0499644ab94994afbb109/pymongo-4.17.0-cp314-cp314-win_arm64.whl", hash = "sha256:68fca71e05ee5da23a8d73cee8379dfb3d26e609a377cae731d742771ed96946", size = 1007627, upload-time = "2026-04-20T16:39:04.678Z" },
    { url = "https://files.pythonhosted.org/packages/1e/e0/c4c1a86791415b14c684fa0908f9da96de91594a3fd1fa1b8dc689fbb800/pymongo-4.17.0-cp314-cp314t-macosx_10_15_x86_64.whl", hash = "sha256:b4384700cffc3f1dd98e088bc0072dedf6d7d68a230bb4b972665cf69c071c1e", size = 1099151, upload-time = "2026-04-20T16:39:06.969Z" },
    { url = "https://files.pythonhosted.org/packages/81/4b/69c67f3e23fd9b23b9bedc7ebd23754881cc9d5c5d5b2a9811e96b07f475/pymongo-4.17.0-cp314-cp314t-macosx_11_0_arm64.whl", hash = "sha256:93641192644fa1ee0f34030e774fd31022a27ad11ba22cb1716142231524f8bd", size = 1099346, upload-time = "2026-04-20T16:39:08.996Z" },
    { url = "https://files.pythonhosted.org/packages/a2/19/a5208f62f9508a26d73acc69bd3821b8c8adae253679a3c26d2f9652f0d5/pymongo-4.17.0-cp314-cp314t-manylinux1_i686.manylinux_2_28_i686.manylinux_2_5_i686.whl", hash = "sha256:75bc3aa5b94fdb7138d357ec6ca61cd97e0c79f4f7f0bd3efe9639b15cc50942", size = 2619034, upload-time = "2026-04-20T16:39:11.049Z" },
    { url = "https://files.pythonhosted.org/packages/77/27/426cba1ec5973082a56d4150798529bfdf4151c31391ed1fbbecb23ef2ac/pymongo-4.17.0-cp314-cp314t-manylinux2014_aarch64.manylinux_2_17_aarch64.manylinux_2_28_aarch64.whl", hash = "sha256:50e8f8e23c6df7c6d6929f5e734980b227706e73ee847517c9ba5af90f7fc466", size = 2689939, upload-time = "2026-04-20T16:39:13.617Z" },
    { url = "https://files.pythonhosted.org/packages/ef/2e/f70993d1255e33f6ee59a4ec4371cc65bff7a7e3fda7d55c3386f25287e8/pymongo-4.17.0-cp314-cp314t-manylinux2014_ppc64le.manylinux_2_17_ppc64le.manylinux_2_28_ppc64le.whl", hash = "sha256:15d3f3d732aecac1f8d481bde4029755615639bd3076f258a2147210aec8515a", size = 2824994, upload-time = "2026-04-20T16:39:16.057Z" },
    { url = "https://files.pythonhosted.org/packages/b3/eb/87b0e988ba889e1fcc3430c2cfc166b251872c813e92b43174298bee17ff/pymongo-4.17.0-cp314-cp314t-manylinux2014_s390x.manylinux_2_17_s390x.manylinux_2_28_s390x.whl", hash = "sha256:6c5f62862d0f87be481fa1fe8cb811994486773c94a2b61e509285e3f2890763", size = 2801745, upload-time = "2026-04-20T16:39:18.476Z" },
    { url = "https://files.pythonhosted.org/packages/67/4c/3f83412d086f682d4d468761d66ddc49cf161e786ea74073045eb4491c60/pymongo-4.17.0-cp314-cp314t-manylinux2014_x86_64.manylinux_2_17_x86_64.manylinux_2_28_x86_64.whl", hash = "sha256:64837adbbd72073301af51bb0fc80e3d7707fe5527cea1033ba0320f0b2f881b", size = 2684636, upload-time = "2026-04-20T16:39:20.878Z" },
    { url = "https://files.pythonhosted.org/packages/9e/d8/b75f6f4ab6c8beb50b0270a4f1e2530b5774f5e116563440e1677ca1820f/pymongo-4.17.0-cp314-cp314t-win32.whl", hash = "sha256:b93b22eedc62598cf5ee9d8c8007a8e9121c50fd88137012d8985500e9dc3151", size = 1056356, upload-time = "2026-04-20T16:39:22.996Z" },
    { url = "https://files.pythonhosted.org/packages/e4/5e/648c8a238eef18a25ed8a169ea6542d4a860bbec3e95b3d9badac2935c71/pymongo-4.17.0-cp314-cp314t-win_amd64.whl", hash = "sha256:3689ea34f6b647c7d1e7bdc60fcfb214b2789ed1359a7fb96569c69f50e5f18f", size = 1090964, upload-time = "2026-04-20T16:39:24.989Z" },
    { url = "https://files.pythonhosted.org/packages/dc/cb/d9780b66939c4fc1f024bcc7be23a2abcfe06a9745ca8fa76dc73395482e/pymongo-4.17.0-cp314-cp314t-win_arm64.whl", hash = "sha256:9543d8f84c2e5608565c08ac679774811e6730770d8a645439b073422a4276fb", size = 1058526, upload-time = "2026-04-20T16:39:27.924Z" },
]

[[package]]
name = "pyodbc"
version = "5.3.0"
source = { registry = "https://pypi.org/simple" }
sdist = { url = "https://files.pythonhosted.org/packages/8f/85/44b10070a769a56bd910009bb185c0c0a82daff8d567cd1a116d7d730c7d/pyodbc-5.3.0.tar.gz", hash = "sha256:2fe0e063d8fb66efd0ac6dc39236c4de1a45f17c33eaded0d553d21c199f4d05", size = 121770, upload-time = "2025-10-17T18:04:09.43Z" }
wheels = [
    { url = "https://files.pythonhosted.org/packages/be/cd/d0ac9e8963cf43f3c0e8ebd284cd9c5d0e17457be76c35abe4998b7b6df2/pyodbc-5.3.0-cp310-cp310-macosx_10_9_x86_64.whl", hash = "sha256:6682cdec78f1302d0c559422c8e00991668e039ed63dece8bf99ef62173376a5", size = 71888, upload-time = "2025-10-17T18:02:58.285Z" },
    { url = "https://files.pythonhosted.org/packages/cb/7b/95ea2795ea8a0db60414e14f117869a5ba44bd52387886c1a210da637315/pyodbc-5.3.0-cp310-cp310-macosx_11_0_arm64.whl", hash = "sha256:9cd3f0a9796b3e1170a9fa168c7e7ca81879142f30e20f46663b882db139b7d2", size = 71813, upload-time = "2025-10-17T18:02:59.722Z" },
    { url = "https://files.pythonhosted.org/packages/95/c9/6f4644b60af513ea1c9cab1ff4af633e8f300e8468f4ae3507f04524e641/pyodbc-5.3.0-cp310-cp310-manylinux2014_aarch64.manylinux_2_17_aarch64.manylinux_2_28_aarch64.whl", hash = "sha256:46185a1a7f409761716c71de7b95e7bbb004390c650d00b0b170193e3d6224bb", size = 318556, upload-time = "2025-10-17T18:03:01.129Z" },
    { url = "https://files.pythonhosted.org/packages/19/3f/24876d9cb9c6ce1bd2b6f43f69ebc00b8eb47bf1ed99ee95e340bf90ed79/pyodbc-5.3.0-cp310-cp310-manylinux2014_x86_64.manylinux_2_17_x86_64.manylinux_2_28_x86_64.whl", hash = "sha256:349a9abae62a968b98f6bbd23d2825151f8d9de50b3a8f5f3271b48958fdb672", size = 322048, upload-time = "2025-10-17T18:03:02.522Z" },
    { url = "https://files.pythonhosted.org/packages/1f/27/faf17353605ac60f80136bc3172ed2d69d7defcb9733166293fc14ac2c52/pyodbc-5.3.0-cp310-cp310-musllinux_1_2_aarch64.whl", hash = "sha256:ac23feb7ddaa729f6b840639e92f83ff0ccaa7072801d944f1332cd5f5b05f47", size = 1286123, upload-time = "2025-10-17T18:03:04.157Z" },
    { url = "https://files.pythonhosted.org/packages/d4/61/c9d407d2aa3e89f9bb68acf6917b0045a788ae8c3f4045c34759cb77af63/pyodbc-5.3.0-cp310-cp310-musllinux_1_2_x86_64.whl", hash = "sha256:8aa396c6d6af52ccd51b8c8a5bffbb46fd44e52ce07ea4272c1d28e5e5b12722", size = 1343502, upload-time = "2025-10-17T18:03:05.485Z" },
    { url = "https://files.pythonhosted.org/packages/d9/9f/f1b0f3238d873d4930aa2a2b8d5ba97132f6416764bf0c87368f8d6f2139/pyodbc-5.3.0-cp310-cp310-win32.whl", hash = "sha256:46869b9a6555ff003ed1d8ebad6708423adf2a5c88e1a578b9f029fb1435186e", size = 62968, upload-time = "2025-10-17T18:03:06.933Z" },
    { url = "https://files.pythonhosted.org/packages/d8/26/5f8ebdca4735aad0119aaaa6d5d73b379901b7a1dbb643aaa636040b27cf/pyodbc-5.3.0-cp310-cp310-win_amd64.whl", hash = "sha256:705903acf6f43c44fc64e764578d9a88649eb21bf7418d78677a9d2e337f56f2", size = 69397, upload-time = "2025-10-17T18:03:08.49Z" },
    { url = "https://files.pythonhosted.org/packages/d1/c8/480a942fd2e87dd7df6d3c1f429df075695ed8ae34d187fe95c64219fd49/pyodbc-5.3.0-cp310-cp310-win_arm64.whl", hash = "sha256:c68d9c225a97aedafb7fff1c0e1bfe293093f77da19eaf200d0e988fa2718d16", size = 64446, upload-time = "2025-10-17T18:03:09.333Z" },
    { url = "https://files.pythonhosted.org/packages/e0/c7/534986d97a26cb8f40ef456dfcf00d8483161eade6d53fa45fcf2d5c2b87/pyodbc-5.3.0-cp311-cp311-macosx_10_9_x86_64.whl", hash = "sha256:ebc3be93f61ea0553db88589e683ace12bf975baa954af4834ab89f5ee7bf8ae", size = 71958, upload-time = "2025-10-17T18:03:10.163Z" },
    { url = "https://files.pythonhosted.org/packages/69/3c/6fe3e9eae6db1c34d6616a452f9b954b0d5516c430f3dd959c9d8d725f2a/pyodbc-5.3.0-cp311-cp311-macosx_11_0_arm64.whl", hash = "sha256:9b987a25a384f31e373903005554230f5a6d59af78bce62954386736a902a4b3", size = 71843, upload-time = "2025-10-17T18:03:11.058Z" },
    { url = "https://files.pythonhosted.org/packages/44/0e/81a0315d0bf7e57be24338dbed616f806131ab706d87c70f363506dc13d5/pyodbc-5.3.0-cp311-cp311-manylinux2014_aarch64.manylinux_2_17_aarch64.manylinux_2_28_aarch64.whl", hash = "sha256:676031723aac7dcbbd2813bddda0e8abf171b20ec218ab8dfb21d64a193430ea", size = 327191, upload-time = "2025-10-17T18:03:11.93Z" },
    { url = "https://files.pythonhosted.org/packages/43/ae/b95bb2068f911950322a97172c68675c85a3e87dc04a98448c339fcbef21/pyodbc-5.3.0-cp311-cp311-manylinux2014_x86_64.manylinux_2_17_x86_64.manylinux_2_28_x86_64.whl", hash = "sha256:c5c30c5cd40b751f77bbc73edd32c4498630939bcd4e72ee7e6c9a4b982cc5ca", size = 332228, upload-time = "2025-10-17T18:03:13.096Z" },
    { url = "https://files.pythonhosted.org/packages/dc/21/2433625f7d5922ee9a34e3805805fa0f1355d01d55206c337bb23ec869bf/pyodbc-5.3.0-cp311-cp311-musllinux_1_2_aarch64.whl", hash = "sha256:2035c7dfb71677cd5be64d3a3eb0779560279f0a8dc6e33673499498caa88937", size = 1296469, upload-time = "2025-10-17T18:03:14.61Z" },
    { url = "https://files.pythonhosted.org/packages/3a/f4/c760caf7bb9b3ab988975d84bd3e7ebda739fe0075c82f476d04ee97324c/pyodbc-5.3.0-cp311-cp311-musllinux_1_2_x86_64.whl", hash = "sha256:5cbe4d753723c8a8f65020b7a259183ef5f14307587165ce37e8c7e251951852", size = 1353163, upload-time = "2025-10-17T18:03:16.272Z" },
    { url = "https://files.pythonhosted.org/packages/14/ad/f9ca1e9e44fd91058f6e35b233b1bb6213d590185bfcc2a2c4f1033266e7/pyodbc-5.3.0-cp311-cp311-win32.whl", hash = "sha256:d255f6b117d05cfc046a5201fdf39535264045352ea536c35777cf66d321fbb8", size = 62925, upload-time = "2025-10-17T18:03:17.649Z" },
    { url = "https://files.pythonhosted.org/packages/e6/cf/52b9b94efd8cfd11890ae04f31f50561710128d735e4e38a8fbb964cd2c2/pyodbc-5.3.0-cp311-cp311-win_amd64.whl", hash = "sha256:f1ad0e93612a6201621853fc661209d82ff2a35892b7d590106fe8f97d9f1f2a", size = 69329, upload-time = "2025-10-17T18:03:18.474Z" },
    { url = "https://files.pythonhosted.org/packages/8b/6f/bf5433bb345007f93003fa062e045890afb42e4e9fc6bd66acc2c3bd12ca/pyodbc-5.3.0-cp311-cp311-win_arm64.whl", hash = "sha256:0df7ff47fab91ea05548095b00e5eb87ed88ddf4648c58c67b4db95ea4913e23", size = 64447, upload-time = "2025-10-17T18:03:19.691Z" },
    { url = "https://files.pythonhosted.org/packages/f5/0c/7ecf8077f4b932a5d25896699ff5c394ffc2a880a9c2c284d6a3e6ea5949/pyodbc-5.3.0-cp312-cp312-macosx_10_13_x86_64.whl", hash = "sha256:5ebf6b5d989395efe722b02b010cb9815698a4d681921bf5db1c0e1195ac1bde", size = 72994, upload-time = "2025-10-17T18:03:20.551Z" },
    { url = "https://files.pythonhosted.org/packages/03/78/9fbde156055d88c1ef3487534281a5b1479ee7a2f958a7e90714968749ac/pyodbc-5.3.0-cp312-cp312-macosx_11_0_arm64.whl", hash = "sha256:197bb6ddafe356a916b8ee1b8752009057fce58e216e887e2174b24c7ab99269", size = 72535, upload-time = "2025-10-17T18:03:21.423Z" },
    { url = "https://files.pythonhosted.org/packages/9f/f9/8c106dcd6946e95fee0da0f1ba58cd90eb872eebe8968996a2ea1f7ac3c1/pyodbc-5.3.0-cp312-cp312-manylinux2014_aarch64.manylinux_2_17_aarch64.manylinux_2_28_aarch64.whl", hash = "sha256:c6ccb5315ec9e081f5cbd66f36acbc820ad172b8fa3736cf7f993cdf69bd8a96", size = 333565, upload-time = "2025-10-17T18:03:22.695Z" },
    { url = "https://files.pythonhosted.org/packages/4b/30/2c70f47a76a4fafa308d148f786aeb35a4d67a01d41002f1065b465d9994/pyodbc-5.3.0-cp312-cp312-manylinux2014_x86_64.manylinux_2_17_x86_64.manylinux_2_28_x86_64.whl", hash = "sha256:5dd3d5e469f89a3112cf8b0658c43108a4712fad65e576071e4dd44d2bd763c7", size = 340283, upload-time = "2025-10-17T18:03:23.691Z" },
    { url = "https://files.pythonhosted.org/packages/7d/b2/0631d84731606bfe40d3b03a436b80cbd16b63b022c7b13444fb30761ca8/pyodbc-5.3.0-cp312-cp312-musllinux_1_2_aarch64.whl", hash = "sha256:b180bc5e49b74fd40a24ef5b0fe143d0c234ac1506febe810d7434bf47cb925b", size = 1302767, upload-time = "2025-10-17T18:03:25.311Z" },
    { url = "https://files.pythonhosted.org/packages/74/b9/707c5314cca9401081b3757301241c167a94ba91b4bd55c8fa591bf35a4a/pyodbc-5.3.0-cp312-cp312-musllinux_1_2_x86_64.whl", hash = "sha256:e3c39de3005fff3ae79246f952720d44affc6756b4b85398da4c5ea76bf8f506", size = 1361251, upload-time = "2025-10-17T18:03:26.538Z" },
    { url = "https://files.pythonhosted.org/packages/97/7c/893036c8b0c8d359082a56efdaa64358a38dda993124162c3faa35d1924d/pyodbc-5.3.0-cp312-cp312-win32.whl", hash = "sha256:d32c3259762bef440707098010035bbc83d1c73d81a434018ab8c688158bd3bb", size = 63413, upload-time = "2025-10-17T18:03:27.903Z" },
    { url = "https://files.pythonhosted.org/packages/c0/70/5e61b216cc13c7f833ef87f4cdeab253a7873f8709253f5076e9bb16c1b3/pyodbc-5.3.0-cp312-cp312-win_amd64.whl", hash = "sha256:fe77eb9dcca5fc1300c9121f81040cc9011d28cff383e2c35416e9ec06d4bc95", size = 70133, upload-time = "2025-10-17T18:03:28.746Z" },
    { url = "https://files.pythonhosted.org/packages/aa/85/e7d0629c9714a85eb4f85d21602ce6d8a1ec0f313fde8017990cf913e3b4/pyodbc-5.3.0-cp312-cp312-win_arm64.whl", hash = "sha256:afe7c4ac555a8d10a36234788fc6cfc22a86ce37fc5ba88a1f75b3e6696665dc", size = 64700, upload-time = "2025-10-17T18:03:29.638Z" },
    { url = "https://files.pythonhosted.org/packages/0c/1d/9e74cbcc1d4878553eadfd59138364b38656369eb58f7e5b42fb344c0ce7/pyodbc-5.3.0-cp313-cp313-macosx_10_13_x86_64.whl", hash = "sha256:7e9ab0b91de28a5ab838ac4db0253d7cc8ce2452efe4ad92ee6a57b922bf0c24", size = 72975, upload-time = "2025-10-17T18:03:30.466Z" },
    { url = "https://files.pythonhosted.org/packages/37/c7/27d83f91b3144d3e275b5b387f0564b161ddbc4ce1b72bb3b3653e7f4f7a/pyodbc-5.3.0-cp313-cp313-macosx_11_0_arm64.whl", hash = "sha256:6132554ffbd7910524d643f13ce17f4a72f3a6824b0adef4e9a7f66efac96350", size = 72541, upload-time = "2025-10-17T18:03:31.348Z" },
    { url = "https://files.pythonhosted.org/packages/1b/33/2bb24e7fc95e98a7b11ea5ad1f256412de35d2e9cc339be198258c1d9a76/pyodbc-5.3.0-cp313-cp313-manylinux2014_aarch64.manylinux_2_17_aarch64.manylinux_2_28_aarch64.whl", hash = "sha256:1629af4706e9228d79dabb4863c11cceb22a6dab90700db0ef449074f0150c0d", size = 343287, upload-time = "2025-10-17T18:03:32.287Z" },
    { url = "https://files.pythonhosted.org/packages/fa/24/88cde8b6dc07a93a92b6c15520a947db24f55db7bd8b09e85956642b7cf3/pyodbc-5.3.0-cp313-cp313-manylinux2014_x86_64.manylinux_2_17_x86_64.manylinux_2_28_x86_64.whl", hash = "sha256:5ceaed87ba2ea848c11223f66f629ef121f6ebe621f605cde9cfdee4fd9f4b68", size = 350094, upload-time = "2025-10-17T18:03:33.336Z" },
    { url = "https://files.pythonhosted.org/packages/c2/99/53c08562bc171a618fa1699297164f8885e66cde38c3b30f454730d0c488/pyodbc-5.3.0-cp313-cp313-musllinux_1_2_aarch64.whl", hash = "sha256:3cc472c8ae2feea5b4512e23b56e2b093d64f7cbc4b970af51da488429ff7818", size = 1301029, upload-time = "2025-10-17T18:03:34.561Z" },
    { url = "https://files.pythonhosted.org/packages/d8/10/68a0b5549876d4b53ba4c46eed2a7aca32d589624ed60beef5bd7382619e/pyodbc-5.3.0-cp313-cp313-musllinux_1_2_x86_64.whl", hash = "sha256:c79df54bbc25bce9f2d87094e7b39089c28428df5443d1902b0cc5f43fd2da6f", size = 1361420, upload-time = "2025-10-17T18:03:35.958Z" },
    { url = "https://files.pythonhosted.org/packages/41/0f/9dfe4987283ffcb981c49a002f0339d669215eb4a3fe4ee4e14537c52852/pyodbc-5.3.0-cp313-cp313-win32.whl", hash = "sha256:c2eb0b08e24fe5c40c7ebe9240c5d3bd2f18cd5617229acee4b0a0484dc226f2", size = 63399, upload-time = "2025-10-17T18:03:36.931Z" },
    { url = "https://files.pythonhosted.org/packages/56/03/15dcefe549d3888b649652af7cca36eda97c12b6196d92937ca6d11306e9/pyodbc-5.3.0-cp313-cp313-win_amd64.whl", hash = "sha256:01166162149adf2b8a6dc21a212718f205cabbbdff4047dc0c415af3fd85867e", size = 70133, upload-time = "2025-10-17T18:03:38.47Z" },
    { url = "https://files.pythonhosted.org/packages/c4/c1/c8b128ae59a14ecc8510e9b499208e342795aecc3af4c3874805c720b8db/pyodbc-5.3.0-cp313-cp313-win_arm64.whl", hash = "sha256:363311bd40320b4a61454bebf7c38b243cd67c762ed0f8a5219de3ec90c96353", size = 64683, upload-time = "2025-10-17T18:03:39.68Z" },
    { url = "https://files.pythonhosted.org/packages/ab/f2/c26d82a7ce1e90b8bbb8731d3d53de73814e2f6606b9db9d978303aa8d5f/pyodbc-5.3.0-cp314-cp314-macosx_10_15_x86_64.whl", hash = "sha256:3f1bdb3ce6480a17afaaef4b5242b356d4997a872f39e96f015cabef00613797", size = 73513, upload-time = "2025-10-17T18:03:40.536Z" },
    { url = "https://files.pythonhosted.org/packages/82/d5/1ab1b7c4708cbd701990a8f7183c5bb5e0712d5e8479b919934e46dadab4/pyodbc-5.3.0-cp314-cp314-macosx_11_0_arm64.whl", hash = "sha256:7713c740a10f33df3cb08f49a023b7e1e25de0c7c99650876bbe717bc95ee780", size = 72631, upload-time = "2025-10-17T18:03:41.713Z" },
    { url = "https://files.pythonhosted.org/packages/b1/f1/7e3831eeac2b09b31a77e6b3495491ce162035ff2903d7261b49d35aa3c2/pyodbc-5.3.0-cp314-cp314-manylinux2014_aarch64.manylinux_2_17_aarch64.manylinux_2_28_aarch64.whl", hash = "sha256:cf18797a12e70474e1b7f5027deeeccea816372497e3ff2d46b15bec2d18a0cc", size = 344580, upload-time = "2025-10-17T18:03:42.67Z" },
    { url = "https://files.pythonhosted.org/packages/a2/a6/71d26d626a3c45951620b7ff356ec920e420f0e09b0a924123682aa5e4ab/pyodbc-5.3.0-cp314-cp314-manylinux2014_x86_64.manylinux_2_17_x86_64.manylinux_2_28_x86_64.whl", hash = "sha256:08b2439500e212625471d32f8fde418075a5ddec556e095e5a4ba56d61df2dc6", size = 350224, upload-time = "2025-10-17T18:03:43.731Z" },
    { url = "https://files.pythonhosted.org/packages/93/14/f702c5e8c2d595776266934498505f11b7f1545baf21ffec1d32c258e9d3/pyodbc-5.3.0-cp314-cp314-musllinux_1_2_aarch64.whl", hash = "sha256:729c535341bb09c476f219d6f7ab194bcb683c4a0a368010f1cb821a35136f05", size = 1301503, upload-time = "2025-10-17T18:03:45.013Z" },
    { url = "https://files.pythonhosted.org/packages/d9/b2/ad92ebdd1b5c7fec36b065e586d1d34b57881e17ba5beec5c705f1031058/pyodbc-5.3.0-cp314-cp314-musllinux_1_2_x86_64.whl", hash = "sha256:c67e7f2ce649155ea89beb54d3b42d83770488f025cf3b6f39ca82e9c598a02e", size = 1361050, upload-time = "2025-10-17T18:03:46.298Z" },
    { url = "https://files.pythonhosted.org/packages/19/40/dc84e232da07056cb5aaaf5f759ba4c874bc12f37569f7f1670fc71e7ae1/pyodbc-5.3.0-cp314-cp314-win32.whl", hash = "sha256:a48d731432abaee5256ed6a19a3e1528b8881f9cb25cb9cf72d8318146ea991b", size = 65670, upload-time = "2025-10-17T18:03:56.414Z" },
    { url = "https://files.pythonhosted.org/packages/b8/79/c48be07e8634f764662d7a279ac204f93d64172162dbf90f215e2398b0bd/pyodbc-5.3.0-cp314-cp314-win_amd64.whl", hash = "sha256:58635a1cc859d5af3f878c85910e5d7228fe5c406d4571bffcdd281375a54b39", size = 72177, upload-time = "2025-10-17T18:03:57.296Z" },
    { url = "https://files.pythonhosted.org/packages/fc/79/e304574446b2263f428ce14df590ba52c2e0e0205e8d34b235b582b7d57e/pyodbc-5.3.0-cp314-cp314-win_arm64.whl", hash = "sha256:754d052030d00c3ac38da09ceb9f3e240e8dd1c11da8906f482d5419c65b9ef5", size = 66668, upload-time = "2025-10-17T18:03:58.174Z" },
    { url = "https://files.pythonhosted.org/packages/43/17/f4eabf443b838a2728773554017d08eee3aca353102934a7e3ba96fb0e31/pyodbc-5.3.0-cp314-cp314t-macosx_10_15_x86_64.whl", hash = "sha256:f927b440c38ade1668f0da64047ffd20ec34e32d817f9a60d07553301324b364", size = 75780, upload-time = "2025-10-17T18:03:47.273Z" },
    { url = "https://files.pythonhosted.org/packages/59/ea/e79e168c3d38c27d59d5d96273fd9e3c3ba55937cc944c4e60618f51de90/pyodbc-5.3.0-cp314-cp314t-macosx_11_0_arm64.whl", hash = "sha256:25c4cfb2c08e77bc6e82f666d7acd52f0e52a0401b1876e60f03c73c3b8aedc0", size = 75503, upload-time = "2025-10-17T18:03:48.171Z" },
    { url = "https://files.pythonhosted.org/packages/90/81/d1d7c125ec4a20e83fdc28e119b8321192b2bd694f432cf63e1199b2b929/pyodbc-5.3.0-cp314-cp314t-manylinux2014_aarch64.manylinux_2_17_aarch64.manylinux_2_28_aarch64.whl", hash = "sha256:bc834567c2990584b9726cba365834d039380c9dbbcef3030ddeb00c6541b943", size = 398356, upload-time = "2025-10-17T18:03:49.131Z" },
    { url = "https://files.pythonhosted.org/packages/5e/fc/f6be4b3cc3910f8c2aba37aa41671121fd6f37b402ae0fefe53a70ac7cd5/pyodbc-5.3.0-cp314-cp314t-manylinux2014_x86_64.manylinux_2_17_x86_64.manylinux_2_28_x86_64.whl", hash = "sha256:8339d3094858893c1a68ee1af93efc4dff18b8b65de54d99104b99af6306320d", size = 397291, upload-time = "2025-10-17T18:03:50.18Z" },
    { url = "https://files.pythonhosted.org/packages/03/2e/0610b1ed05a5625528d52f6cece9610e84617d35f475c89c2a52f66d13f7/pyodbc-5.3.0-cp314-cp314t-musllinux_1_2_aarch64.whl", hash = "sha256:74528fe148980d0c735c0ebb4a4dc74643ac4574337c43c1006ac4d09593f92d", size = 1353900, upload-time = "2025-10-17T18:03:51.339Z" },
    { url = "https://files.pythonhosted.org/packages/1d/f1/43497e1d37f9f71b43b2b3172e7b1bdf50851e278390c3fb6b46a3630c53/pyodbc-5.3.0-cp314-cp314t-musllinux_1_2_x86_64.whl", hash = "sha256:d89a7f2e24227150c13be8164774b7e1f9678321a4248f1356a465b9cc17d31e", size = 1406062, upload-time = "2025-10-17T18:03:52.546Z" },
    { url = "https://files.pythonhosted.org/packages/9e/8b/88a1277c2f7d9ab1cec0a71e074ba24fd4a1710a43974682546da90a1343/pyodbc-5.3.0-cp314-cp314t-win32.whl", hash = "sha256:af4d8c9842fc4a6360c31c35508d6594d5a3b39922f61b282c2b4c9d9da99514", size = 70132, upload-time = "2025-10-17T18:03:53.715Z" },
    { url = "https://files.pythonhosted.org/packages/ba/c7/ee98c62050de4aa8bafb6eb1e11b95e0b0c898bd5930137c6dc776e06a9b/pyodbc-5.3.0-cp314-cp314t-win_amd64.whl", hash = "sha256:bfeb3e34795d53b7d37e66dd54891d4f9c13a3889a8f5fe9640e56a82d770955", size = 79452, upload-time = "2025-10-17T18:03:54.664Z" },
    { url = "https://files.pythonhosted.org/packages/4b/8f/d8889efd96bbe8e5d43ff9701f6b1565a8e09c3e1f58c388d550724f777b/pyodbc-5.3.0-cp314-cp314t-win_arm64.whl", hash = "sha256:13656184faa3f2d5c6f19b701b8f247342ed581484f58bf39af7315c054e69db", size = 70142, upload-time = "2025-10-17T18:03:55.551Z" },
]

[[package]]
name = "tm-utilities"
version = "0.1.0"
source = { editable = "." }
dependencies = [
    { name = "pymongo" },
    { name = "pyodbc" },
]

[package.metadata]
requires-dist = [
    { name = "pymongo", specifier = ">=4.17.0" },
    { name = "pyodbc", specifier = ">=5.3.0" },
]
